// !$*UTF8*$!
{
	archiveVersion = 1;
	classes = {
	};
	objectVersion = 46;
	objects = {

/* Begin PBXBuildFile section */
		07B51F661F910E0F000C9AF2 /* AppDelegate.swift in Sources */ = {isa = PBXBuildFile; fileRef = 07B51F651F910E0F000C9AF2 /* AppDelegate.swift */; };
		07B51F681F910E0F000C9AF2 /* ViewController.swift in Sources */ = {isa = PBXBuildFile; fileRef = 07B51F671F910E0F000C9AF2 /* ViewController.swift */; };
		07B51F6B1F910E0F000C9AF2 /* Main.storyboard in Resources */ = {isa = PBXBuildFile; fileRef = 07B51F691F910E0F000C9AF2 /* Main.storyboard */; };
		07B51F6D1F910E0F000C9AF2 /* Assets.xcassets in Resources */ = {isa = PBXBuildFile; fileRef = 07B51F6C1F910E0F000C9AF2 /* Assets.xcassets */; };
		07B51F701F910E0F000C9AF2 /* LaunchScreen.storyboard in Resources */ = {isa = PBXBuildFile; fileRef = 07B51F6E1F910E0F000C9AF2 /* LaunchScreen.storyboard */; };
		07B51F7B1F910E0F000C9AF2 /* whatjumpTests.swift in Sources */ = {isa = PBXBuildFile; fileRef = 07B51F7A1F910E0F000C9AF2 /* whatjumpTests.swift */; };
		07B51F861F910E0F000C9AF2 /* whatjumpUITests.swift in Sources */ = {isa = PBXBuildFile; fileRef = 07B51F851F910E0F000C9AF2 /* whatjumpUITests.swift */; };
/* End PBXBuildFile section */

/* Begin PBXContainerItemProxy section */
		07B51F771F910E0F000C9AF2 /* PBXContainerItemProxy */ = {
			isa = PBXContainerItemProxy;
			containerPortal = 07B51F5A1F910E0F000C9AF2 /* Project object */;
			proxyType = 1;
			remoteGlobalIDString = 07B51F611F910E0F000C9AF2;
			remoteInfo = whatjump;
		};
		07B51F821F910E0F000C9AF2 /* PBXContainerItemProxy */ = {
			isa = PBXContainerItemProxy;
			containerPortal = 07B51F5A1F910E0F000C9AF2 /* Project object */;
			proxyType = 1;
			remoteGlobalIDString = 07B51F611F910E0F000C9AF2;
			remoteInfo = whatjump;
		};
/* End PBXContainerItemProxy section */

/* Begin PBXFileReference section */
		07B51F621F910E0F000C9AF2 /* whatjump.app */ = {isa = PBXFileReference; explicitFileType = wrapper.application; includeInIndex = 0; path = whatjump.app; sourceTree = BUILT_PRODUCTS_DIR; };
		07B51F651F910E0F000C9AF2 /* AppDelegate.swift */ = {isa = PBXFileReference; lastKnownFileType = sourcecode.swift; path = AppDelegate.swift; sourceTree = "<group>"; };
		07B51F671F910E0F000C9AF2 /* ViewController.swift */ = {isa = PBXFileReference; lastKnownFileType = sourcecode.swift; path = ViewController.swift; sourceTree = "<group>"; };
		07B51F6A1F910E0F000C9AF2 /* Base */ = {isa = PBXFileReference; lastKnownFileType = file.storyboard; name = Base; path = Base.lproj/Main.storyboard; sourceTree = "<group>"; };
		07B51F6C1F910E0F000C9AF2 /* Assets.xcassets */ = {isa = PBXFileReference; lastKnownFileType = folder.assetcatalog; path = Assets.xcassets; sourceTree = "<group>"; };
		07B51F6F1F910E0F000C9AF2 /* Base */ = {isa = PBXFileReference; lastKnownFileType = file.storyboard; name = Base; path = Base.lproj/LaunchScreen.storyboard; sourceTree = "<group>"; };
		07B51F711F910E0F000C9AF2 /* Info.plist */ = {isa = PBXFileReference; lastKnownFileType = text.plist.xml; path = Info.plist; sourceTree = "<group>"; };
		07B51F761F910E0F000C9AF2 /* whatjumpTests.xctest */ = {isa = PBXFileReference; explicitFileType = wrapper.cfbundle; includeInIndex = 0; path = whatjumpTests.xctest; sourceTree = BUILT_PRODUCTS_DIR; };
		07B51F7A1F910E0F000C9AF2 /* whatjumpTests.swift */ = {isa = PBXFileReference; lastKnownFileType = sourcecode.swift; path = whatjumpTests.swift; sourceTree = "<group>"; };
		07B51F7C1F910E0F000C9AF2 /* Info.plist */ = {isa = PBXFileReference; lastKnownFileType = text.plist.xml; path = Info.plist; sourceTree = "<group>"; };
		07B51F811F910E0F000C9AF2 /* whatjumpUITests.xctest */ = {isa = PBXFileReference; explicitFileType = wrapper.cfbundle; includeInIndex = 0; path = whatjumpUITests.xctest; sourceTree = BUILT_PRODUCTS_DIR; };
		07B51F851F910E0F000C9AF2 /* whatjumpUITests.swift */ = {isa = PBXFileReference; lastKnownFileType = sourcecode.swift; path = whatjumpUITests.swift; sourceTree = "<group>"; };
		07B51F871F910E0F000C9AF2 /* Info.plist */ = {isa = PBXFileReference; lastKnownFileType = text.plist.xml; path = Info.plist; sourceTree = "<group>"; };
/* End PBXFileReference section */

/* Begin PBXFrameworksBuildPhase section */
		07B51F5F1F910E0F000C9AF2 /* Frameworks */ = {
			isa = PBXFrameworksBuildPhase;
			buildActionMask = 2147483647;
			files = (
			);
			runOnlyForDeploymentPostprocessing = 0;
		};
		07B51F731F910E0F000C9AF2 /* Frameworks */ = {
			isa = PBXFrameworksBuildPhase;
			buildActionMask = 2147483647;
			files = (
			);
			runOnlyForDeploymentPostprocessing = 0;
		};
		07B51F7E1F910E0F000C9AF2 /* Frameworks */ = {
			isa = PBXFrameworksBuildPhase;
			buildActionMask = 2147483647;
			files = (
			);
			runOnlyForDeploymentPostprocessing = 0;
		};
/* End PBXFrameworksBuildPhase section */

/* Begin PBXGroup section */
		07B51F591F910E0F000C9AF2 = {
			isa = PBXGroup;
			children = (
				07B51F641F910E0F000C9AF2 /* whatjump */,
				07B51F791F910E0F000C9AF2 /* whatjumpTests */,
				07B51F841F910E0F000C9AF2 /* whatjumpUITests */,
				07B51F631F910E0F000C9AF2 /* Products */,
			);
			sourceTree = "<group>";
		};
		07B51F631F910E0F000C9AF2 /* Products */ = {
			isa = PBXGroup;
			children = (
				07B51F621F910E0F000C9AF2 /* whatjump.app */,
				07B51F761F910E0F000C9AF2 /* whatjumpTests.xctest */,
				07B51F811F910E0F000C9AF2 /* whatjumpUITests.xctest */,
			);
			name = Products;
			sourceTree = "<group>";
		};
		07B51F641F910E0F000C9AF2 /* whatjump */ = {
			isa = PBXGroup;
			children = (
				07B51F651F910E0F000C9AF2 /* AppDelegate.swift */,
				07B51F671F910E0F000C9AF2 /* ViewController.swift */,
				07B51F691F910E0F000C9AF2 /* Main.storyboard */,
				07B51F6C1F910E0F000C9AF2 /* Assets.xcassets */,
				07B51F6E1F910E0F000C9AF2 /* LaunchScreen.storyboard */,
				07B51F711F910E0F000C9AF2 /* Info.plist */,
			);
			path = whatjump;
			sourceTree = "<group>";
		};
		07B51F791F910E0F000C9AF2 /* whatjumpTests */ = {
			isa = PBXGroup;
			children = (
				07B51F7A1F910E0F000C9AF2 /* whatjumpTests.swift */,
				07B51F7C1F910E0F000C9AF2 /* Info.plist */,
			);
			path = whatjumpTests;
			sourceTree = "<group>";
		};
		07B51F841F910E0F000C9AF2 /* whatjumpUITests */ = {
			isa = PBXGroup;
			children = (
				07B51F851F910E0F000C9AF2 /* whatjumpUITests.swift */,
				07B51F871F910E0F000C9AF2 /* Info.plist */,
			);
			path = whatjumpUITests;
			sourceTree = "<group>";
		};
/* End PBXGroup section */

/* Begin PBXNativeTarget section */
		07B51F611F910E0F000C9AF2 /* whatjump */ = {
			isa = PBXNativeTarget;
			buildConfigurationList = 07B51F8A1F910E0F000C9AF2 /* Build configuration list for PBXNativeTarget "whatjump" */;
			buildPhases = (
				07B51F5E1F910E0F000C9AF2 /* Sources */,
				07B51F5F1F910E0F000C9AF2 /* Frameworks */,
				07B51F601F910E0F000C9AF2 /* Resources */,
			);
			buildRules = (
			);
			dependencies = (
			);
			name = whatjump;
			productName = whatjump;
			productReference = 07B51F621F910E0F000C9AF2 /* whatjump.app */;
			productType = "com.apple.product-type.application";
		};
		07B51F751F910E0F000C9AF2 /* whatjumpTests */ = {
			isa = PBXNativeTarget;
			buildConfigurationList = 07B51F8D1F910E0F000C9AF2 /* Build configuration list for PBXNativeTarget "whatjumpTests" */;
			buildPhases = (
				07B51F721F910E0F000C9AF2 /* Sources */,
				07B51F731F910E0F000C9AF2 /* Frameworks */,
				07B51F741F910E0F000C9AF2 /* Resources */,
			);
			buildRules = (
			);
			dependencies = (
				07B51F781F910E0F000C9AF2 /* PBXTargetDependency */,
			);
			name = whatjumpTests;
			productName = whatjumpTests;
			productReference = 07B51F761F910E0F000C9AF2 /* whatjumpTests.xctest */;
			productType = "com.apple.product-type.bundle.unit-test";
		};
		07B51F801F910E0F000C9AF2 /* whatjumpUITests */ = {
			isa = PBXNativeTarget;
			buildConfigurationList = 07B51F901F910E0F000C9AF2 /* Build configuration list for PBXNativeTarget "whatjumpUITests" */;
			buildPhases = (
				07B51F7D1F910E0F000C9AF2 /* Sources */,
				07B51F7E1F910E0F000C9AF2 /* Frameworks */,
				07B51F7F1F910E0F000C9AF2 /* Resources */,
			);
			buildRules = (
			);
			dependencies = (
				07B51F831F910E0F000C9AF2 /* PBXTargetDependency */,
			);
			name = whatjumpUITests;
			productName = whatjumpUITests;
			productReference = 07B51F811F910E0F000C9AF2 /* whatjumpUITests.xctest */;
			productType = "com.apple.product-type.bundle.ui-testing";
		};
/* End PBXNativeTarget section */

/* Begin PBXProject section */
		07B51F5A1F910E0F000C9AF2 /* Project object */ = {
			isa = PBXProject;
			attributes = {
				LastSwiftUpdateCheck = 0830;
				LastUpgradeCheck = 0830;
				ORGANIZATIONNAME = PAC;
				TargetAttributes = {
					07B51F611F910E0F000C9AF2 = {
						CreatedOnToolsVersion = 8.3.3;
						ProvisioningStyle = Automatic;
					};
					07B51F751F910E0F000C9AF2 = {
						CreatedOnToolsVersion = 8.3.3;
						ProvisioningStyle = Automatic;
						TestTargetID = 07B51F611F910E0F000C9AF2;
					};
					07B51F801F910E0F000C9AF2 = {
						CreatedOnToolsVersion = 8.3.3;
						ProvisioningStyle = Automatic;
						TestTargetID = 07B51F611F910E0F000C9AF2;
					};
				};
			};
			buildConfigurationList = 07B51F5D1F910E0F000C9AF2 /* Build configuration list for PBXProject "whatjump" */;
			compatibilityVersion = "Xcode 3.2";
			developmentRegion = English;
			hasScannedForEncodings = 0;
			knownRegions = (
				en,
				Base,
			);
			mainGroup = 07B51F591F910E0F000C9AF2;
			productRefGroup = 07B51F631F910E0F000C9AF2 /* Products */;
			projectDirPath = "";
			projectRoot = "";
			targets = (
				07B51F611F910E0F000C9AF2 /* whatjump */,
				07B51F751F910E0F000C9AF2 /* whatjumpTests */,
				07B51F801F910E0F000C9AF2 /* whatjumpUITests */,
			);
		};
/* End PBXProject section */

/* Begin PBXResourcesBuildPhase section */
		07B51F601F910E0F000C9AF2 /* Resources */ = {
			isa = PBXResourcesBuildPhase;
			buildActionMask = 2147483647;
			files = (
				07B51F701F910E0F000C9AF2 /* LaunchScreen.storyboard in Resources */,
				07B51F6D1F910E0F000C9AF2 /* Assets.xcassets in Resources */,
				07B51F6B1F910E0F000C9AF2 /* Main.storyboard in Resources */,
			);
			runOnlyForDeploymentPostprocessing = 0;
		};
		07B51F741F910E0F000C9AF2 /* Resources */ = {
			isa = PBXResourcesBuildPhase;
			buildActionMask = 2147483647;
			files = (
			);
			runOnlyForDeploymentPostprocessing = 0;
		};
		07B51F7F1F910E0F000C9AF2 /* Resources */ = {
			isa = PBXResourcesBuildPhase;
			buildActionMask = 2147483647;
			files = (
			);
			runOnlyForDeploymentPostprocessing = 0;
		};
/* End PBXResourcesBuildPhase section */

/* Begin PBXSourcesBuildPhase section */
		07B51F5E1F910E0F000C9AF2 /* Sources */ = {
			isa = PBXSourcesBuildPhase;
			buildActionMask = 2147483647;
			files = (
				07B51F681F910E0F000C9AF2 /* ViewController.swift in Sources */,
				07B51F661F910E0F000C9AF2 /* AppDelegate.swift in Sources */,
			);
			runOnlyForDeploymentPostprocessing = 0;
		};
		07B51F721F910E0F000C9AF2 /* Sources */ = {
			isa = PBXSourcesBuildPhase;
			buildActionMask = 2147483647;
			files = (
				07B51F7B1F910E0F000C9AF2 /* whatjumpTests.swift in Sources */,
			);
			runOnlyForDeploymentPostprocessing = 0;
		};
		07B51F7D1F910E0F000C9AF2 /* Sources */ = {
			isa = PBXSourcesBuildPhase;
			buildActionMask = 2147483647;
			files = (
				07B51F861F910E0F000C9AF2 /* whatjumpUITests.swift in Sources */,
			);
			runOnlyForDeploymentPostprocessing = 0;
		};
/* End PBXSourcesBuildPhase section */

/* Begin PBXTargetDependency section */
		07B51F781F910E0F000C9AF2 /* PBXTargetDependency */ = {
			isa = PBXTargetDependency;
			target = 07B51F611F910E0F000C9AF2 /* whatjump */;
			targetProxy = 07B51F771F910E0F000C9AF2 /* PBXContainerItemProxy */;
		};
		07B51F831F910E0F000C9AF2 /* PBXTargetDependency */ = {
			isa = PBXTargetDependency;
			target = 07B51F611F910E0F000C9AF2 /* whatjump */;
			targetProxy = 07B51F821F910E0F000C9AF2 /* PBXContainerItemProxy */;
		};
/* End PBXTargetDependency section */

/* Begin PBXVariantGroup section */
		07B51F691F910E0F000C9AF2 /* Main.storyboard */ = {
			isa = PBXVariantGroup;
			children = (
				07B51F6A1F910E0F000C9AF2 /* Base */,
			);
			name = Main.storyboard;
			sourceTree = "<group>";
		};
		07B51F6E1F910E0F000C9AF2 /* LaunchScreen.storyboard */ = {
			isa = PBXVariantGroup;
			children = (
				07B51F6F1F910E0F000C9AF2 /* Base */,
			);
			name = LaunchScreen.storyboard;
			sourceTree = "<group>";
		};
/* End PBXVariantGroup section */

/* Begin XCBuildConfiguration section */
		07B51F881F910E0F000C9AF2 /* Debug */ = {
			isa = XCBuildConfiguration;
			buildSettings = {
				ALWAYS_SEARCH_USER_PATHS = NO;
				CLANG_ANALYZER_NONNULL = YES;
				CLANG_ANALYZER_NUMBER_OBJECT_CONVERSION = YES_AGGRESSIVE;
				CLANG_CXX_LANGUAGE_STANDARD = "gnu++0x";
				CLANG_CXX_LIBRARY = "libc++";
				CLANG_ENABLE_MODULES = YES;
				CLANG_ENABLE_OBJC_ARC = YES;
				CLANG_WARN_BOOL_CONVERSION = YES;
				CLANG_WARN_CONSTANT_CONVERSION = YES;
				CLANG_WARN_DIRECT_OBJC_ISA_USAGE = YES_ERROR;
				CLANG_WARN_DOCUMENTATION_COMMENTS = YES;
				CLANG_WARN_EMPTY_BODY = YES;
				CLANG_WARN_ENUM_CONVERSION = YES;
				CLANG_WARN_INFINITE_RECURSION = YES;
				CLANG_WARN_INT_CONVERSION = YES;
				CLANG_WARN_OBJC_ROOT_CLASS = YES_ERROR;
				CLANG_WARN_SUSPICIOUS_MOVE = YES;
				CLANG_WARN_UNREACHABLE_CODE = YES;
				CLANG_WARN__DUPLICATE_METHOD_MATCH = YES;
				"CODE_SIGN_IDENTITY[sdk=iphoneos*]" = "iPhone Developer";
				COPY_PHASE_STRIP = NO;
				DEBUG_INFORMATION_FORMAT = dwarf;
				ENABLE_STRICT_OBJC_MSGSEND = YES;
				ENABLE_TESTABILITY = YES;
				GCC_C_LANGUAGE_STANDARD = gnu99;
				GCC_DYNAMIC_NO_PIC = NO;
				GCC_NO_COMMON_BLOCKS = YES;
				GCC_OPTIMIZATION_LEVEL = 0;
				GCC_PREPROCESSOR_DEFINITIONS = (
					"DEBUG=1",
					"$(inherited)",
				);
				GCC_WARN_64_TO_32_BIT_CONVERSION = YES;
				GCC_WARN_ABOUT_RETURN_TYPE = YES_ERROR;
				GCC_WARN_UNDECLARED_SELECTOR = YES;
				GCC_WARN_UNINITIALIZED_AUTOS = YES_AGGRESSIVE;
				GCC_WARN_UNUSED_FUNCTION = YES;
				GCC_WARN_UNUSED_VARIABLE = YES;
				IPHONEOS_DEPLOYMENT_TARGET = 10.3;
				MTL_ENABLE_DEBUG_INFO = YES;
				ONLY_ACTIVE_ARCH = YES;
				SDKROOT = iphoneos;
				SWIFT_ACTIVE_COMPILATION_CONDITIONS = DEBUG;
				SWIFT_OPTIMIZATION_LEVEL = "-Onone";
				TARGETED_DEVICE_FAMILY = "1,2";
			};
			name = Debug;
		};
		07B51F891F910E0F000C9AF2 /* Release */ = {
			isa = XCBuildConfiguration;
			buildSettings = {
				ALWAYS_SEARCH_USER_PATHS = NO;
				CLANG_ANALYZER_NONNULL = YES;
				CLANG_ANALYZER_NUMBER_OBJECT_CONVERSION = YES_AGGRESSIVE;
				CLANG_CXX_LANGUAGE_STANDARD = "gnu++0x";
				CLANG_CXX_LIBRARY = "libc++";
				CLANG_ENABLE_MODULES = YES;
				CLANG_ENABLE_OBJC_ARC = YES;
				CLANG_WARN_BOOL_CONVERSION = YES;
				CLANG_WARN_CONSTANT_CONVERSION = YES;
				CLANG_WARN_DIRECT_OBJC_ISA_USAGE = YES_ERROR;
				CLANG_WARN_DOCUMENTATION_COMMENTS = YES;
				CLANG_WARN_EMPTY_BODY = YES;
				CLANG_WARN_ENUM_CONVERSION = YES;
				CLANG_WARN_INFINITE_RECURSION = YES;
				CLANG_WARN_INT_CONVERSION = YES;
				CLANG_WARN_OBJC_ROOT_CLASS = YES_ERROR;
				CLANG_WARN_SUSPICIOUS_MOVE = YES;
				CLANG_WARN_UNREACHABLE_CODE = YES;
				CLANG_WARN__DUPLICATE_METHOD_MATCH = YES;
				"CODE_SIGN_IDENTITY[sdk=iphoneos*]" = "iPhone Developer";
				COPY_PHASE_STRIP = NO;
				DEBUG_INFORMATION_FORMAT = "dwarf-with-dsym";
				ENABLE_NS_ASSERTIONS = NO;
				ENABLE_STRICT_OBJC_MSGSEND = YES;
				GCC_C_LANGUAGE_STANDARD = gnu99;
				GCC_NO_COMMON_BLOCKS = YES;
				GCC_WARN_64_TO_32_BIT_CONVERSION = YES;
				GCC_WARN_ABOUT_RETURN_TYPE = YES_ERROR;
				GCC_WARN_UNDECLARED_SELECTOR = YES;
				GCC_WARN_UNINITIALIZED_AUTOS = YES_AGGRESSIVE;
				GCC_WARN_UNUSED_FUNCTION = YES;
				GCC_WARN_UNUSED_VARIABLE = YES;
				IPHONEOS_DEPLOYMENT_TARGET = 10.3;
				MTL_ENABLE_DEBUG_INFO = NO;
				SDKROOT = iphoneos;
				SWIFT_OPTIMIZATION_LEVEL = "-Owholemodule";
				TARGETED_DEVICE_FAMILY = "1,2";
				VALIDATE_PRODUCT = YES;
			};
			name = Release;
		};
		07B51F8B1F910E0F000C9AF2 /* Debug */ = {
			isa = XCBuildConfiguration;
			buildSettings = {
				ASSETCATALOG_COMPILER_APPICON_NAME = AppIcon;
				INFOPLIST_FILE = whatjump/Info.plist;
				LD_RUNPATH_SEARCH_PATHS = "$(inherited) @executable_path/Frameworks";
				PRODUCT_BUNDLE_IDENTIFIER = com.jump.whatjump;
				PRODUCT_NAME = "$(TARGET_NAME)";
				SWIFT_VERSION = 3.0;
			};
			name = Debug;
		};
		07B51F8C1F910E0F000C9AF2 /* Release */ = {
			isa = XCBuildConfiguration;
			buildSettings = {
				ASSETCATALOG_COMPILER_APPICON_NAME = AppIcon;
				INFOPLIST_FILE = whatjump/Info.plist;
				LD_RUNPATH_SEARCH_PATHS = "$(inherited) @executable_path/Frameworks";
				PRODUCT_BUNDLE_IDENTIFIER = com.jump.whatjump;
				PRODUCT_NAME = "$(TARGET_NAME)";
				SWIFT_VERSION = 3.0;
			};
			name = Release;
		};
		07B51F8E1F910E0F000C9AF2 /* Debug */ = {
			isa = XCBuildConfiguration;
			buildSettings = {
				ALWAYS_EMBED_SWIFT_STANDARD_LIBRARIES = YES;
				BUNDLE_LOADER = "$(TEST_HOST)";
				INFOPLIST_FILE = whatjumpTests/Info.plist;
				LD_RUNPATH_SEARCH_PATHS = "$(inherited) @executable_path/Frameworks @loader_path/Frameworks";
				PRODUCT_BUNDLE_IDENTIFIER = com.jump.whatjumpTests;
				PRODUCT_NAME = "$(TARGET_NAME)";
				SWIFT_VERSION = 3.0;
				TEST_HOST = "$(BUILT_PRODUCTS_DIR)/whatjump.app/whatjump";
			};
			name = Debug;
		};
		07B51F8F1F910E0F000C9AF2 /* Release */ = {
			isa = XCBuildConfiguration;
			buildSettings = {
				ALWAYS_EMBED_SWIFT_STANDARD_LIBRARIES = YES;
				BUNDLE_LOADER = "$(TEST_HOST)";
				INFOPLIST_FILE = whatjumpTests/Info.plist;
				LD_RUNPATH_SEARCH_PATHS = "$(inherited) @executable_path/Frameworks @loader_path/Frameworks";
				PRODUCT_BUNDLE_IDENTIFIER = com.jump.whatjumpTests;
				PRODUCT_NAME = "$(TARGET_NAME)";
				SWIFT_VERSION = 3.0;
				TEST_HOST = "$(BUILT_PRODUCTS_DIR)/whatjump.app/whatjump";
			};
			name = Release;
		};
		07B51F911F910E0F000C9AF2 /* Debug */ = {
			isa = XCBuildConfiguration;
			buildSettings = {
				ALWAYS_EMBED_SWIFT_STANDARD_LIBRARIES = YES;
				INFOPLIST_FILE = whatjumpUITests/Info.plist;
				LD_RUNPATH_SEARCH_PATHS = "$(inherited) @executable_path/Frameworks @loader_path/Frameworks";
				PRODUCT_BUNDLE_IDENTIFIER = com.jump.whatjumpUITests;
				PRODUCT_NAME = "$(TARGET_NAME)";
				SWIFT_VERSION = 3.0;
				TEST_TARGET_NAME = whatjump;
			};
			name = Debug;
		};
		07B51F921F910E0F000C9AF2 /* Release */ = {
			isa = XCBuildConfiguration;
			buildSettings = {
				ALWAYS_EMBED_SWIFT_STANDARD_LIBRARIES = YES;
				INFOPLIST_FILE = whatjumpUITests/Info.plist;
				LD_RUNPATH_SEARCH_PATHS = "$(inherited) @executable_path/Frameworks @loader_path/Frameworks";
				PRODUCT_BUNDLE_IDENTIFIER = com.jump.whatjumpUITests;
				PRODUCT_NAME = "$(TARGET_NAME)";
				SWIFT_VERSION = 3.0;
				TEST_TARGET_NAME = whatjump;
			};
			name = Release;
		};
/* End XCBuildConfiguration section */

/* Begin XCConfigurationList section */
		07B51F5D1F910E0F000C9AF2 /* Build configuration list for PBXProject "whatjump" */ = {
			isa = XCConfigurationList;
			buildConfigurations = (
				07B51F881F910E0F000C9AF2 /* Debug */,
				07B51F891F910E0F000C9AF2 /* Release */,
			);
			defaultConfigurationIsVisible = 0;
			defaultConfigurationName = Release;
		};
		07B51F8A1F910E0F000C9AF2 /* Build configuration list for PBXNativeTarget "whatjump" */ = {
			isa = XCConfigurationList;
			buildConfigurations = (
				07B51F8B1F910E0F000C9AF2 /* Debug */,
				07B51F8C1F910E0F000C9AF2 /* Release */,
			);
			defaultConfigurationIsVisible = 0;
		};
		07B51F8D1F910E0F000C9AF2 /* Build configuration list for PBXNativeTarget "whatjumpTests" */ = {
			isa = XCConfigurationList;
			buildConfigurations = (
				07B51F8E1F910E0F000C9AF2 /* Debug */,
				07B51F8F1F910E0F000C9AF2 /* Release */,
			);
			defaultConfigurationIsVisible = 0;
		};
		07B51F901F910E0F000C9AF2 /* Build configuration list for PBXNativeTarget "whatjumpUITests" */ = {
			isa = XCConfigurationList;
			buildConfigurations = (
				07B51F911F910E0F000C9AF2 /* Debug */,
				07B51F921F910E0F000C9AF2 /* Release */,
			);
			defaultConfigurationIsVisible = 0;
		};
/* End XCConfigurationList section */
	};
	rootObject = 07B51F5A1F910E0F000C9AF2 /* Project object */;
}
